
Microsoft Visual Studio Solution File, Format Version 12.00
# Visual Studio Version 17
VisualStudioVersion = 17.10.35013.160
MinimumVisualStudioVersion = 10.0.40219.1
Project("{FAE04EC0-301F-11D3-BF4B-00C04F79EFBC}") = "LIB_C_BASE", "LIB_C_BASE\LIB_C_BASE.csproj", "{27733646-7F16-4BA6-A99B-5ADAB05FE38E}"
EndProject
Project("{FAE04EC0-301F-11D3-BF4B-00C04F79EFBC}") = "Tset_Lib", "Tset_Lib\Tset_Lib.csproj", "{70888BC9-383E-4CFC-ADC5-54FCE46422FE}"
EndProject
Global
	GlobalSection(SolutionConfigurationPlatforms) = preSolution
		Debug|Any CPU = Debug|Any CPU
		Release|Any CPU = Release|Any CPU
	EndGlobalSection
	GlobalSection(ProjectConfigurationPlatforms) = postSolution
		{27733646-7F16-4BA6-A99B-5ADAB05FE38E}.Debug|Any CPU.ActiveCfg = Debug|Any CPU
		{27733646-7F16-4BA6-A99B-5ADAB05FE38E}.Debug|Any CPU.Build.0 = Debug|Any CPU
		{27733646-7F16-4BA6-A99B-5ADAB05FE38E}.Release|Any CPU.ActiveCfg = Release|Any CPU
		{27733646-7F16-4BA6-A99B-5ADAB05FE38E}.Release|Any CPU.Build.0 = Release|Any CPU
		{70888BC9-383E-4CFC-ADC5-54FCE46422FE}.Debug|Any CPU.ActiveCfg = Debug|Any CPU
		{70888BC9-383E-4CFC-ADC5-54FCE46422FE}.Debug|Any CPU.Build.0 = Debug|Any CPU
		{70888BC9-383E-4CFC-ADC5-54FCE46422FE}.Release|Any CPU.ActiveCfg = Release|Any CPU
		{70888BC9-383E-4CFC-ADC5-54FCE46422FE}.Release|Any CPU.Build.0 = Release|Any CPU
	EndGlobalSection
	GlobalSection(SolutionProperties) = preSolution
		HideSolutionNode = FALSE
	EndGlobalSection
	GlobalSection(ExtensibilityGlobals) = postSolution
		SolutionGuid = {07AF645C-B796-4FB0-A719-5419C9E2A924}
	EndGlobalSection
EndGlobal
